<Solution>
  <Folder Name="/.github/">
    <File Path=".github/workflows/dotnet-desktop.yml" />
  </Folder>
  <Folder Name="/.Test/">
    <Project Path="test/Initial/Initial.csproj" />
    <Project Path="test/TestAmac/TestAmac.csproj" />
    <Project Path="test/TestDisclosureChannel/TestDisclosureChannel.csproj" />
    <Project Path="test/TestLitedb/TestLitedb.csproj" />
    <Project Path="test/TestMeishi/TestMeishi.csproj" />
    <Project Path="test/TestScript/TestScript.csproj" />
    <Project Path="test/TestSimple/TestSimple.csproj" />
  </Folder>
  <Folder Name="/Amac/">
    <Project Path="src/Amac/Direct/Amac.Direct.csproj" />
    <Project Path="src/Amac/Public/Amac.Public.csproj">
      <Build Solution="Debug|*" Project="false" />
    </Project>
    <Project Path="src/Amac/RPA/Amac.RPA.csproj" />
  </Folder>
  <Folder Name="/Disclosure/">
    <Project Path="src/Disclosure/Disclosure.UI/Disclosure.UI.csproj" Id="68409ee8-07e3-4638-b5c9-cd9d48ca57ca" />
    <Project Path="src/Disclosure/Disclosure/Disclosure.csproj" />
  </Folder>
  <Folder Name="/ESign/">
    <Project Path="src/ESign/ESigning/ESigning.csproj" />
    <Project Path="src/ESign/MeiShi/MeiShi.csproj" />
  </Folder>
  <Folder Name="/Main/">
    <Project Path="src/Main/CustomAnalyzer/CustomAnalyzer.csproj" Id="5f161984-8108-451c-8e7f-f22be5c8e762">
      <Build Solution="Debug|*" Project="false" />
    </Project>
    <Project Path="src/Main/Data/Data.csproj" />
    <Project Path="src/Main/HookableGenerator/ModelsGenerator.csproj" Id="828d7c6d-19d1-4fdf-ba6b-c77bd079eb57" />
    <Project Path="src/Main/Models/Models.csproj" />
  </Folder>
  <Folder Name="/Mission/">
    <Project Path="src/Schedule/Mission.Background/Mission.Background.csproj" Id="42cb0fb2-ee87-4337-bb37-e076bfb4ee4a" />
    <Project Path="src/Schedule/Mission/Mission.csproj" Id="deba239c-48bd-41c2-9b85-2fa16066b692" />
    <Project Path="src/Schedule/MissionRegisterGenerator/MissionRegisterGenerator.csproj" Id="03ae77d0-b7fa-43a0-8704-c7b10cf7cbad" />
    <Project Path="src/Schedule/Schedule/Mission.Predefined.csproj" />
  </Folder>
  <Folder Name="/Setting/">
    <Project Path="src/Setting/SettingGenerator/SettingGenerator.csproj" Id="26d1e5a6-9480-4bb4-9d09-c592c50fd272" />
    <Project Path="src/Setting/Settings.UI/Settings.UI.csproj" Id="7a9f4836-68fa-478f-9bb7-591ce2771d65" />
    <Project Path="src/Setting/Settings/Settings.csproj" />
  </Folder>
  <Folder Name="/Todo/">
    <Project Path="src/Todo/Todo.UI/Todo.UI.csproj" Id="edce5a6e-f904-43f5-9fec-11de95d89e3f" />
    <Project Path="src/Todo/Todo/Todo.csproj" Id="2791fcfe-5bd5-486d-b162-08f80ad1129a" />
    <Project Path="src/Todo/TodoViewModelAutoRegister/TodoViewModelAutoRegister.csproj" Id="0ed011c7-9755-49d5-bcfa-547e6cae1208" />
  </Folder>
  <Folder Name="/Trigger/">
    <Project Path="src/Trigger/DataTrigger/DataTrigger.csproj" Id="abc98ea1-a5ef-49a3-ac61-353129d66bdf" />
    <Project Path="src/Trigger/HookRegister/HookGenerator.csproj" Id="40fed79b-aaaa-4c83-be26-e1a0a78dcf9a" />
  </Folder>
  <Folder Name="/Trustee/">
    <Project Path="src/Trustee/CITICS/CITICS.csproj" />
    <Project Path="src/Trustee/CMS/CMS.csproj" />
    <Project Path="src/Trustee/CSC/CSC.csproj" />
    <Project Path="src/Trustee/Trustee/Trustee.csproj" />
    <Project Path="src/Trustee/XYZQ/XYZQ.csproj" />
  </Folder>
  <Folder Name="/Utility/">
    <Project Path="src/Utility/ElementGenerator/ElementGenerator.csproj" Id="e2c45d0b-85f5-44d1-bf44-32209df9b96f">
      <Build Solution="Debug|*" Project="false" />
    </Project>
    <Project Path="src/Utility/FileTemplate/FileTemplate.csproj" />
    <Project Path="src/Utility/Logging/Logging.csproj" />
    <Project Path="src/Utility/OCR/OCR.csproj" />
    <Project Path="src/Utility/Patch/Patch.csproj" />
    <Project Path="src/Utility/PDF/PdfExt.csproj" />
    <Project Path="src/Utility/SourceGenerator/SourceGenerator.csproj" />
    <Project Path="src/Utility/Utilities/Utilities.csproj" />
  </Folder>
  <Project Path="src/Client/FundOffice.csproj" />
  <Project Path="src/Plugin/Plugin/Plugin.csproj" />
  <Project Path="src/SharedUI/SharedUI.csproj" />
</Solution>
