
Microsoft Visual Studio Solution File, Format Version 12.00
# Visual Studio Version 18
VisualStudioVersion = 18.4.11626.88 stable
MinimumVisualStudioVersion = 10.0.40219.1
Project("{FAE04EC0-301F-11D3-BF4B-00C04F79EFBC}") = "TemplateManager", "TemplateManager.csproj", "{FD4E534A-E51C-70FE-4FB3-0F74ADC031CA}"
EndProject
Project("{FAE04EC0-301F-11D3-BF4B-00C04F79EFBC}") = "Utilities", "..\..\Utility\Utilities\Utilities.csproj", "{B9BBD6A7-C534-5062-288D-3CED7345F1B4}"
EndProject
Project("{FAE04EC0-301F-11D3-BF4B-00C04F79EFBC}") = "Models", "..\..\Main\Models\Models.csproj", "{052CA9F8-5B4B-1973-45D7-D78ED7C702A1}"
EndProject
Global
	GlobalSection(SolutionConfigurationPlatforms) = preSolution
		Debug|Any CPU = Debug|Any CPU
		Release|Any CPU = Release|Any CPU
	EndGlobalSection
	GlobalSection(ProjectConfigurationPlatforms) = postSolution
		{FD4E534A-E51C-70FE-4FB3-0F74ADC031CA}.Debug|Any CPU.ActiveCfg = Debug|Any CPU
		{FD4E534A-E51C-70FE-4FB3-0F74ADC031CA}.Debug|Any CPU.Build.0 = Debug|Any CPU
		{FD4E534A-E51C-70FE-4FB3-0F74ADC031CA}.Release|Any CPU.ActiveCfg = Release|Any CPU
		{FD4E534A-E51C-70FE-4FB3-0F74ADC031CA}.Release|Any CPU.Build.0 = Release|Any CPU
		{B9BBD6A7-C534-5062-288D-3CED7345F1B4}.Debug|Any CPU.ActiveCfg = Debug|Any CPU
		{B9BBD6A7-C534-5062-288D-3CED7345F1B4}.Debug|Any CPU.Build.0 = Debug|Any CPU
		{B9BBD6A7-C534-5062-288D-3CED7345F1B4}.Release|Any CPU.ActiveCfg = Release|Any CPU
		{B9BBD6A7-C534-5062-288D-3CED7345F1B4}.Release|Any CPU.Build.0 = Release|Any CPU
		{052CA9F8-5B4B-1973-45D7-D78ED7C702A1}.Debug|Any CPU.ActiveCfg = Debug|Any CPU
		{052CA9F8-5B4B-1973-45D7-D78ED7C702A1}.Debug|Any CPU.Build.0 = Debug|Any CPU
		{052CA9F8-5B4B-1973-45D7-D78ED7C702A1}.Release|Any CPU.ActiveCfg = Release|Any CPU
		{052CA9F8-5B4B-1973-45D7-D78ED7C702A1}.Release|Any CPU.Build.0 = Release|Any CPU
	EndGlobalSection
	GlobalSection(SolutionProperties) = preSolution
		HideSolutionNode = FALSE
	EndGlobalSection
	GlobalSection(ExtensibilityGlobals) = postSolution
		SolutionGuid = {0EEDFE59-0DEB-40CB-BAE8-9124DA08E76D}
	EndGlobalSection
EndGlobal
